Microsoft Visual Studio Solution File, Format Version 11.00
# Visual Studio 2008

Project("{F41CA264-28A0-C7DF-C541-28B68EBD082D}") = "MonkeyBall", "Assembly-CSharp-firstpass.csproj", "{AC09A038-AEE3-181B-3FB5-8215FEC7DF04}"
EndProject
Project("{F41CA264-28A0-C7DF-C541-28B68EBD082D}") = "MonkeyBall", "Assembly-CSharp.csproj", "{E88B6D65-2DE9-0A48-B2BC-FAA35387B23F}"
EndProject
Project("{F41CA264-28A0-C7DF-C541-28B68EBD082D}") = "MonkeyBall", "Assembly-CSharp-Editor.csproj", "{B5B823AC-7028-0AD2-E191-91670D6BF1D2}"
EndProject
Global
	GlobalSection(SolutionConfigurationPlatforms) = preSolution
		Debug|Any CPU = Debug|Any CPU
		Release|Any CPU = Release|Any CPU
	EndGlobalSection
	GlobalSection(ProjectConfigurationPlatforms) = postSolution
		{AC09A038-AEE3-181B-3FB5-8215FEC7DF04}.Debug|Any CPU.ActiveCfg = Debug|Any CPU
		{AC09A038-AEE3-181B-3FB5-8215FEC7DF04}.Debug|Any CPU.Build.0 = Debug|Any CPU
		{AC09A038-AEE3-181B-3FB5-8215FEC7DF04}.Release|Any CPU.ActiveCfg = Release|Any CPU
		{AC09A038-AEE3-181B-3FB5-8215FEC7DF04}.Release|Any CPU.Build.0 = Release|Any CPU
		{E88B6D65-2DE9-0A48-B2BC-FAA35387B23F}.Debug|Any CPU.ActiveCfg = Debug|Any CPU
		{E88B6D65-2DE9-0A48-B2BC-FAA35387B23F}.Debug|Any CPU.Build.0 = Debug|Any CPU
		{E88B6D65-2DE9-0A48-B2BC-FAA35387B23F}.Release|Any CPU.ActiveCfg = Release|Any CPU
		{E88B6D65-2DE9-0A48-B2BC-FAA35387B23F}.Release|Any CPU.Build.0 = Release|Any CPU
		{B5B823AC-7028-0AD2-E191-91670D6BF1D2}.Debug|Any CPU.ActiveCfg = Debug|Any CPU
		{B5B823AC-7028-0AD2-E191-91670D6BF1D2}.Debug|Any CPU.Build.0 = Debug|Any CPU
		{B5B823AC-7028-0AD2-E191-91670D6BF1D2}.Release|Any CPU.ActiveCfg = Release|Any CPU
		{B5B823AC-7028-0AD2-E191-91670D6BF1D2}.Release|Any CPU.Build.0 = Release|Any CPU
	EndGlobalSection
	GlobalSection(SolutionProperties) = preSolution
		HideSolutionNode = FALSE
	EndGlobalSection
	GlobalSection(MonoDevelopProperties) = preSolution
		StartupItem = Assembly-CSharp.csproj
	EndGlobalSection
EndGlobal
